
Microsoft Visual Studio Solution File, Format Version 12.00
# Visual Studio Version 17
VisualStudioVersion = 17.11.35327.3
MinimumVisualStudioVersion = 10.0.40219.1
Project("{9A19103F-16F7-4668-BE54-9A1E7A4F7556}") = "DevFreela.API", "DevFreela.API\DevFreela.API.csproj", "{E76243E0-E36D-4797-8C7B-B22ADE374229}"
EndProject
Project("{FAE04EC0-301F-11D3-BF4B-00C04F79EFBC}") = "DevFreela.Core", "DevFreela.Core\DevFreela.Core.csproj", "{A27485EB-E0F0-48F7-9C07-BC0B8C05DB5B}"
EndProject
Project("{FAE04EC0-301F-11D3-BF4B-00C04F79EFBC}") = "DevFreela.Infrastructure", "DevFreela.Infrastructure\DevFreela.Infrastructure.csproj", "{1A98AA9C-E2BC-4942-9784-E54E00502BCF}"
EndProject
Global
	GlobalSection(SolutionConfigurationPlatforms) = preSolution
		Debug|Any CPU = Debug|Any CPU
		Release|Any CPU = Release|Any CPU
	EndGlobalSection
	GlobalSection(ProjectConfigurationPlatforms) = postSolution
		{E76243E0-E36D-4797-8C7B-B22ADE374229}.Debug|Any CPU.ActiveCfg = Debug|Any CPU
		{E76243E0-E36D-4797-8C7B-B22ADE374229}.Debug|Any CPU.Build.0 = Debug|Any CPU
		{E76243E0-E36D-4797-8C7B-B22ADE374229}.Release|Any CPU.ActiveCfg = Release|Any CPU
		{E76243E0-E36D-4797-8C7B-B22ADE374229}.Release|Any CPU.Build.0 = Release|Any CPU
		{A27485EB-E0F0-48F7-9C07-BC0B8C05DB5B}.Debug|Any CPU.ActiveCfg = Debug|Any CPU
		{A27485EB-E0F0-48F7-9C07-BC0B8C05DB5B}.Debug|Any CPU.Build.0 = Debug|Any CPU
		{A27485EB-E0F0-48F7-9C07-BC0B8C05DB5B}.Release|Any CPU.ActiveCfg = Release|Any CPU
		{A27485EB-E0F0-48F7-9C07-BC0B8C05DB5B}.Release|Any CPU.Build.0 = Release|Any CPU
		{1A98AA9C-E2BC-4942-9784-E54E00502BCF}.Debug|Any CPU.ActiveCfg = Debug|Any CPU
		{1A98AA9C-E2BC-4942-9784-E54E00502BCF}.Debug|Any CPU.Build.0 = Debug|Any CPU
		{1A98AA9C-E2BC-4942-9784-E54E00502BCF}.Release|Any CPU.ActiveCfg = Release|Any CPU
		{1A98AA9C-E2BC-4942-9784-E54E00502BCF}.Release|Any CPU.Build.0 = Release|Any CPU
	EndGlobalSection
	GlobalSection(SolutionProperties) = preSolution
		HideSolutionNode = FALSE
	EndGlobalSection
	GlobalSection(ExtensibilityGlobals) = postSolution
		SolutionGuid = {CB9B3458-8CB9-4E8A-99B5-093856435AB6}
	EndGlobalSection
EndGlobal
